
Microsoft Visual Studio Solution File, Format Version 12.00
# Visual Studio Version 17
VisualStudioVersion = 17.1.32328.378
MinimumVisualStudioVersion = 10.0.40219.1
Project("{FAE04EC0-301F-11D3-BF4B-00C04F79EFBC}") = "Semana02DPA_MVC", "Semana02DPA_MVC.csproj", "{61106914-BF1D-4465-AB66-BE934FB1C1D2}"
EndProject
Global
	GlobalSection(SolutionConfigurationPlatforms) = preSolution
		Debug|Any CPU = Debug|Any CPU
		Release|Any CPU = Release|Any CPU
	EndGlobalSection
	GlobalSection(ProjectConfigurationPlatforms) = postSolution
		{61106914-BF1D-4465-AB66-BE934FB1C1D2}.Debug|Any CPU.ActiveCfg = Debug|Any CPU
		{61106914-BF1D-4465-AB66-BE934FB1C1D2}.Debug|Any CPU.Build.0 = Debug|Any CPU
		{61106914-BF1D-4465-AB66-BE934FB1C1D2}.Release|Any CPU.ActiveCfg = Release|Any CPU
		{61106914-BF1D-4465-AB66-BE934FB1C1D2}.Release|Any CPU.Build.0 = Release|Any CPU
	EndGlobalSection
	GlobalSection(SolutionProperties) = preSolution
		HideSolutionNode = FALSE
	EndGlobalSection
	GlobalSection(ExtensibilityGlobals) = postSolution
		SolutionGuid = {ECA26650-6987-4818-94AE-2EF4CC825960}
	EndGlobalSection
EndGlobal
